
Microsoft Visual Studio Solution File, Format Version 12.00
# Visual Studio Version 18
VisualStudioVersion = 18.5.11723.231 stable
MinimumVisualStudioVersion = 10.0.40219.1
Project("{FAE04EC0-301F-11D3-BF4B-00C04F79EFBC}") = "EmitScheduler.API", "EmitScheduler.API.csproj", "{8C3F6437-A7E0-2657-AB58-3ECFBAA8EE30}"
EndProject
Global
	GlobalSection(SolutionConfigurationPlatforms) = preSolution
		Debug|Any CPU = Debug|Any CPU
		Release|Any CPU = Release|Any CPU
	EndGlobalSection
	GlobalSection(ProjectConfigurationPlatforms) = postSolution
		{8C3F6437-A7E0-2657-AB58-3ECFBAA8EE30}.Debug|Any CPU.ActiveCfg = Debug|Any CPU
		{8C3F6437-A7E0-2657-AB58-3ECFBAA8EE30}.Debug|Any CPU.Build.0 = Debug|Any CPU
		{8C3F6437-A7E0-2657-AB58-3ECFBAA8EE30}.Release|Any CPU.ActiveCfg = Release|Any CPU
		{8C3F6437-A7E0-2657-AB58-3ECFBAA8EE30}.Release|Any CPU.Build.0 = Release|Any CPU
	EndGlobalSection
	GlobalSection(SolutionProperties) = preSolution
		HideSolutionNode = FALSE
	EndGlobalSection
	GlobalSection(ExtensibilityGlobals) = postSolution
		SolutionGuid = {1BB36909-ADBA-4A2A-BB22-E0472787CC5E}
	EndGlobalSection
EndGlobal
